
Microsoft Visual Studio Solution File, Format Version 12.00
# Visual Studio 15
VisualStudioVersion = 15.0.28307.539
MinimumVisualStudioVersion = 10.0.40219.1
Project("{FAE04EC0-301F-11D3-BF4B-00C04F79EFBC}") = "09abril-ej1-estructura", "09abril-ej1-estructura\09abril-ej1-estructura.csproj", "{B073C4DC-5A4A-4F7C-890D-7B4A3764EDC6}"
EndProject
Project("{FAE04EC0-301F-11D3-BF4B-00C04F79EFBC}") = "09abril-ej2-calculadora", "09abril-ej2-calculadora\09abril-ej2-calculadora.csproj", "{94FD4ECE-FBD5-4519-AC02-B114D9C41EC2}"
EndProject
Project("{FAE04EC0-301F-11D3-BF4B-00C04F79EFBC}") = "24abril-ej1-depurar", "24abril-ej1-depurar\24abril-ej1-depurar.csproj", "{7B3D5157-641F-4BC5-8D40-08B5BF63134A}"
EndProject
Global
	GlobalSection(SolutionConfigurationPlatforms) = preSolution
		Debug|Any CPU = Debug|Any CPU
		Release|Any CPU = Release|Any CPU
	EndGlobalSection
	GlobalSection(ProjectConfigurationPlatforms) = postSolution
		{B073C4DC-5A4A-4F7C-890D-7B4A3764EDC6}.Debug|Any CPU.ActiveCfg = Debug|Any CPU
		{B073C4DC-5A4A-4F7C-890D-7B4A3764EDC6}.Debug|Any CPU.Build.0 = Debug|Any CPU
		{B073C4DC-5A4A-4F7C-890D-7B4A3764EDC6}.Release|Any CPU.ActiveCfg = Release|Any CPU
		{B073C4DC-5A4A-4F7C-890D-7B4A3764EDC6}.Release|Any CPU.Build.0 = Release|Any CPU
		{94FD4ECE-FBD5-4519-AC02-B114D9C41EC2}.Debug|Any CPU.ActiveCfg = Debug|Any CPU
		{94FD4ECE-FBD5-4519-AC02-B114D9C41EC2}.Debug|Any CPU.Build.0 = Debug|Any CPU
		{94FD4ECE-FBD5-4519-AC02-B114D9C41EC2}.Release|Any CPU.ActiveCfg = Release|Any CPU
		{94FD4ECE-FBD5-4519-AC02-B114D9C41EC2}.Release|Any CPU.Build.0 = Release|Any CPU
		{7B3D5157-641F-4BC5-8D40-08B5BF63134A}.Debug|Any CPU.ActiveCfg = Debug|Any CPU
		{7B3D5157-641F-4BC5-8D40-08B5BF63134A}.Debug|Any CPU.Build.0 = Debug|Any CPU
		{7B3D5157-641F-4BC5-8D40-08B5BF63134A}.Release|Any CPU.ActiveCfg = Release|Any CPU
		{7B3D5157-641F-4BC5-8D40-08B5BF63134A}.Release|Any CPU.Build.0 = Release|Any CPU
	EndGlobalSection
	GlobalSection(SolutionProperties) = preSolution
		HideSolutionNode = FALSE
	EndGlobalSection
	GlobalSection(ExtensibilityGlobals) = postSolution
		SolutionGuid = {108C0E2B-E132-45E5-A3C1-97A4BB70FB78}
	EndGlobalSection
EndGlobal
